
Microsoft Visual Studio Solution File, Format Version 12.00
# Visual Studio Version 17
VisualStudioVersion = 17.3.32819.101
MinimumVisualStudioVersion = 10.0.40219.1
Project("{FAE04EC0-301F-11D3-BF4B-00C04F79EFBC}") = "AULA 2- N 6322043", "AULA 2- N 6322043\AULA 2- N 6322043.csproj", "{3580A016-1A7C-4368-B09E-54C050DBF9AD}"
EndProject
Global
	GlobalSection(SolutionConfigurationPlatforms) = preSolution
		Debug|Any CPU = Debug|Any CPU
		Release|Any CPU = Release|Any CPU
	EndGlobalSection
	GlobalSection(ProjectConfigurationPlatforms) = postSolution
		{3580A016-1A7C-4368-B09E-54C050DBF9AD}.Debug|Any CPU.ActiveCfg = Debug|Any CPU
		{3580A016-1A7C-4368-B09E-54C050DBF9AD}.Debug|Any CPU.Build.0 = Debug|Any CPU
		{3580A016-1A7C-4368-B09E-54C050DBF9AD}.Release|Any CPU.ActiveCfg = Release|Any CPU
		{3580A016-1A7C-4368-B09E-54C050DBF9AD}.Release|Any CPU.Build.0 = Release|Any CPU
	EndGlobalSection
	GlobalSection(SolutionProperties) = preSolution
		HideSolutionNode = FALSE
	EndGlobalSection
	GlobalSection(ExtensibilityGlobals) = postSolution
		SolutionGuid = {33927CC2-DC10-4ADC-B33A-0B0E92836966}
	EndGlobalSection
EndGlobal
